
Microsoft Visual Studio Solution File, Format Version 12.00
# Visual Studio Version 18
VisualStudioVersion = 18.8.12021.73 stable
MinimumVisualStudioVersion = 10.0.40219.1
Project("{FAE04EC0-301F-11D3-BF4B-00C04F79EFBC}") = "TommyRoom.Web", "TommyRoom.Web\TommyRoom.Web.csproj", "{74091435-B810-475B-8A1B-63B134668E74}"
EndProject
Project("{FAE04EC0-301F-11D3-BF4B-00C04F79EFBC}") = "TommyRoom.Shared", "TommyRoom.Shared\TommyRoom.Shared.csproj", "{8F1FFD9A-194F-42FF-8D7A-E81BB766AA08}"
EndProject
Project("{FAE04EC0-301F-11D3-BF4B-00C04F79EFBC}") = "TommyRoom.Api", "TommyRoom.Api\TommyRoom.Api.csproj", "{4FF40ADC-471D-4994-83D7-BB4AFF62B2A1}"
EndProject
Global
	GlobalSection(SolutionConfigurationPlatforms) = preSolution
		Debug|Any CPU = Debug|Any CPU
		Release|Any CPU = Release|Any CPU
	EndGlobalSection
	GlobalSection(ProjectConfigurationPlatforms) = postSolution
		{74091435-B810-475B-8A1B-63B134668E74}.Debug|Any CPU.ActiveCfg = Debug|Any CPU
		{74091435-B810-475B-8A1B-63B134668E74}.Debug|Any CPU.Build.0 = Debug|Any CPU
		{74091435-B810-475B-8A1B-63B134668E74}.Release|Any CPU.ActiveCfg = Release|Any CPU
		{74091435-B810-475B-8A1B-63B134668E74}.Release|Any CPU.Build.0 = Release|Any CPU
		{8F1FFD9A-194F-42FF-8D7A-E81BB766AA08}.Debug|Any CPU.ActiveCfg = Debug|Any CPU
		{8F1FFD9A-194F-42FF-8D7A-E81BB766AA08}.Debug|Any CPU.Build.0 = Debug|Any CPU
		{8F1FFD9A-194F-42FF-8D7A-E81BB766AA08}.Release|Any CPU.ActiveCfg = Release|Any CPU
		{8F1FFD9A-194F-42FF-8D7A-E81BB766AA08}.Release|Any CPU.Build.0 = Release|Any CPU
		{4FF40ADC-471D-4994-83D7-BB4AFF62B2A1}.Debug|Any CPU.ActiveCfg = Debug|Any CPU
		{4FF40ADC-471D-4994-83D7-BB4AFF62B2A1}.Debug|Any CPU.Build.0 = Debug|Any CPU
		{4FF40ADC-471D-4994-83D7-BB4AFF62B2A1}.Release|Any CPU.ActiveCfg = Release|Any CPU
		{4FF40ADC-471D-4994-83D7-BB4AFF62B2A1}.Release|Any CPU.Build.0 = Release|Any CPU
	EndGlobalSection
	GlobalSection(SolutionProperties) = preSolution
		HideSolutionNode = FALSE
	EndGlobalSection
	GlobalSection(ExtensibilityGlobals) = postSolution
		SolutionGuid = {C0D48D94-A263-4100-8EB6-04A75AB83B67}
	EndGlobalSection
EndGlobal
